// !$*UTF8*$!
{
	archiveVersion = 1;
	classes = {
	};
	objectVersion = 46;
	objects = {

/* Begin PBXBuildFile section */
		024CEBBA1E51F9BD00570470 /* AppDelegate.swift in Sources */ = {isa = PBXBuildFile; fileRef = 024CEBB91E51F9BD00570470 /* AppDelegate.swift */; };
		024CEBBC1E51F9BD00570470 /* ViewController.swift in Sources */ = {isa = PBXBuildFile; fileRef = 024CEBBB1E51F9BD00570470 /* ViewController.swift */; };
		024CEBBF1E51F9BD00570470 /* Main.storyboard in Resources */ = {isa = PBXBuildFile; fileRef = 024CEBBD1E51F9BD00570470 /* Main.storyboard */; };
		024CEBC11E51F9BD00570470 /* Images.xcassets in Resources */ = {isa = PBXBuildFile; fileRef = 024CEBC01E51F9BD00570470 /* Images.xcassets */; };
		024CEBC41E51F9BD00570470 /* LaunchScreen.xib in Resources */ = {isa = PBXBuildFile; fileRef = 024CEBC21E51F9BD00570470 /* LaunchScreen.xib */; };
		024CEBD01E51F9BD00570470 /* TipCalculatorTests.swift in Sources */ = {isa = PBXBuildFile; fileRef = 024CEBCF1E51F9BD00570470 /* TipCalculatorTests.swift */; };
		024CEBDA1E51F9D400570470 /* TipCalculatorModel.swift in Sources */ = {isa = PBXBuildFile; fileRef = 024CEBD91E51F9D400570470 /* TipCalculatorModel.swift */; };
/* End PBXBuildFile section */

/* Begin PBXContainerItemProxy section */
		024CEBCA1E51F9BD00570470 /* PBXContainerItemProxy */ = {
			isa = PBXContainerItemProxy;
			containerPortal = 024CEBAC1E51F9BD00570470 /* Project object */;
			proxyType = 1;
			remoteGlobalIDString = 024CEBB31E51F9BD00570470;
			remoteInfo = TipCalculator;
		};
/* End PBXContainerItemProxy section */

/* Begin PBXFileReference section */
		024CEBB41E51F9BD00570470 /* TipCalculator.app */ = {isa = PBXFileReference; explicitFileType = wrapper.application; includeInIndex = 0; path = TipCalculator.app; sourceTree = BUILT_PRODUCTS_DIR; };
		024CEBB81E51F9BD00570470 /* Info.plist */ = {isa = PBXFileReference; lastKnownFileType = text.plist.xml; path = Info.plist; sourceTree = "<group>"; };
		024CEBB91E51F9BD00570470 /* AppDelegate.swift */ = {isa = PBXFileReference; lastKnownFileType = sourcecode.swift; path = AppDelegate.swift; sourceTree = "<group>"; };
		024CEBBB1E51F9BD00570470 /* ViewController.swift */ = {isa = PBXFileReference; lastKnownFileType = sourcecode.swift; path = ViewController.swift; sourceTree = "<group>"; };
		024CEBBE1E51F9BD00570470 /* Base */ = {isa = PBXFileReference; lastKnownFileType = file.storyboard; name = Base; path = Base.lproj/Main.storyboard; sourceTree = "<group>"; };
		024CEBC01E51F9BD00570470 /* Images.xcassets */ = {isa = PBXFileReference; lastKnownFileType = folder.assetcatalog; path = Images.xcassets; sourceTree = "<group>"; };
		024CEBC31E51F9BD00570470 /* Base */ = {isa = PBXFileReference; lastKnownFileType = file.xib; name = Base; path = Base.lproj/LaunchScreen.xib; sourceTree = "<group>"; };
		024CEBC91E51F9BD00570470 /* TipCalculatorTests.xctest */ = {isa = PBXFileReference; explicitFileType = wrapper.cfbundle; includeInIndex = 0; path = TipCalculatorTests.xctest; sourceTree = BUILT_PRODUCTS_DIR; };
		024CEBCE1E51F9BD00570470 /* Info.plist */ = {isa = PBXFileReference; lastKnownFileType = text.plist.xml; path = Info.plist; sourceTree = "<group>"; };
		024CEBCF1E51F9BD00570470 /* TipCalculatorTests.swift */ = {isa = PBXFileReference; lastKnownFileType = sourcecode.swift; path = TipCalculatorTests.swift; sourceTree = "<group>"; };
		024CEBD91E51F9D400570470 /* TipCalculatorModel.swift */ = {isa = PBXFileReference; fileEncoding = 4; lastKnownFileType = sourcecode.swift; path = TipCalculatorModel.swift; sourceTree = "<group>"; };
/* End PBXFileReference section */

/* Begin PBXFrameworksBuildPhase section */
		024CEBB11E51F9BD00570470 /* Frameworks */ = {
			isa = PBXFrameworksBuildPhase;
			buildActionMask = 2147483647;
			files = (
			);
			runOnlyForDeploymentPostprocessing = 0;
		};
		024CEBC61E51F9BD00570470 /* Frameworks */ = {
			isa = PBXFrameworksBuildPhase;
			buildActionMask = 2147483647;
			files = (
			);
			runOnlyForDeploymentPostprocessing = 0;
		};
/* End PBXFrameworksBuildPhase section */

/* Begin PBXGroup section */
		024CEBAB1E51F9BD00570470 = {
			isa = PBXGroup;
			children = (
				024CEBD91E51F9D400570470 /* TipCalculatorModel.swift */,
				024CEBB61E51F9BD00570470 /* TipCalculator */,
				024CEBCC1E51F9BD00570470 /* TipCalculatorTests */,
				024CEBB51E51F9BD00570470 /* Products */,
			);
			sourceTree = "<group>";
		};
		024CEBB51E51F9BD00570470 /* Products */ = {
			isa = PBXGroup;
			children = (
				024CEBB41E51F9BD00570470 /* TipCalculator.app */,
				024CEBC91E51F9BD00570470 /* TipCalculatorTests.xctest */,
			);
			name = Products;
			sourceTree = "<group>";
		};
		024CEBB61E51F9BD00570470 /* TipCalculator */ = {
			isa = PBXGroup;
			children = (
				024CEBB91E51F9BD00570470 /* AppDelegate.swift */,
				024CEBBB1E51F9BD00570470 /* ViewController.swift */,
				024CEBBD1E51F9BD00570470 /* Main.storyboard */,
				024CEBC01E51F9BD00570470 /* Images.xcassets */,
				024CEBC21E51F9BD00570470 /* LaunchScreen.xib */,
				024CEBB71E51F9BD00570470 /* Supporting Files */,
			);
			path = TipCalculator;
			sourceTree = "<group>";
		};
		024CEBB71E51F9BD00570470 /* Supporting Files */ = {
			isa = PBXGroup;
			children = (
				024CEBB81E51F9BD00570470 /* Info.plist */,
			);
			name = "Supporting Files";
			sourceTree = "<group>";
		};
		024CEBCC1E51F9BD00570470 /* TipCalculatorTests */ = {
			isa = PBXGroup;
			children = (
				024CEBCF1E51F9BD00570470 /* TipCalculatorTests.swift */,
				024CEBCD1E51F9BD00570470 /* Supporting Files */,
			);
			path = TipCalculatorTests;
			sourceTree = "<group>";
		};
		024CEBCD1E51F9BD00570470 /* Supporting Files */ = {
			isa = PBXGroup;
			children = (
				024CEBCE1E51F9BD00570470 /* Info.plist */,
			);
			name = "Supporting Files";
			sourceTree = "<group>";
		};
/* End PBXGroup section */

/* Begin PBXNativeTarget section */
		024CEBB31E51F9BD00570470 /* TipCalculator */ = {
			isa = PBXNativeTarget;
			buildConfigurationList = 024CEBD31E51F9BD00570470 /* Build configuration list for PBXNativeTarget "TipCalculator" */;
			buildPhases = (
				024CEBB01E51F9BD00570470 /* Sources */,
				024CEBB11E51F9BD00570470 /* Frameworks */,
				024CEBB21E51F9BD00570470 /* Resources */,
			);
			buildRules = (
			);
			dependencies = (
			);
			name = TipCalculator;
			productName = TipCalculator;
			productReference = 024CEBB41E51F9BD00570470 /* TipCalculator.app */;
			productType = "com.apple.product-type.application";
		};
		024CEBC81E51F9BD00570470 /* TipCalculatorTests */ = {
			isa = PBXNativeTarget;
			buildConfigurationList = 024CEBD61E51F9BD00570470 /* Build configuration list for PBXNativeTarget "TipCalculatorTests" */;
			buildPhases = (
				024CEBC51E51F9BD00570470 /* Sources */,
				024CEBC61E51F9BD00570470 /* Frameworks */,
				024CEBC71E51F9BD00570470 /* Resources */,
			);
			buildRules = (
			);
			dependencies = (
				024CEBCB1E51F9BD00570470 /* PBXTargetDependency */,
			);
			name = TipCalculatorTests;
			productName = TipCalculatorTests;
			productReference = 024CEBC91E51F9BD00570470 /* TipCalculatorTests.xctest */;
			productType = "com.apple.product-type.bundle.unit-test";
		};
/* End PBXNativeTarget section */

/* Begin PBXProject section */
		024CEBAC1E51F9BD00570470 /* Project object */ = {
			isa = PBXProject;
			attributes = {
				LastUpgradeCheck = 0640;
				ORGANIZATIONNAME = Treya;
				TargetAttributes = {
					024CEBB31E51F9BD00570470 = {
						CreatedOnToolsVersion = 6.4;
					};
					024CEBC81E51F9BD00570470 = {
						CreatedOnToolsVersion = 6.4;
						TestTargetID = 024CEBB31E51F9BD00570470;
					};
				};
			};
			buildConfigurationList = 024CEBAF1E51F9BD00570470 /* Build configuration list for PBXProject "TipCalculator" */;
			compatibilityVersion = "Xcode 3.2";
			developmentRegion = English;
			hasScannedForEncodings = 0;
			knownRegions = (
				en,
				Base,
			);
			mainGroup = 024CEBAB1E51F9BD00570470;
			productRefGroup = 024CEBB51E51F9BD00570470 /* Products */;
			projectDirPath = "";
			projectRoot = "";
			targets = (
				024CEBB31E51F9BD00570470 /* TipCalculator */,
				024CEBC81E51F9BD00570470 /* TipCalculatorTests */,
			);
		};
/* End PBXProject section */

/* Begin PBXResourcesBuildPhase section */
		024CEBB21E51F9BD00570470 /* Resources */ = {
			isa = PBXResourcesBuildPhase;
			buildActionMask = 2147483647;
			files = (
				024CEBBF1E51F9BD00570470 /* Main.storyboard in Resources */,
				024CEBC41E51F9BD00570470 /* LaunchScreen.xib in Resources */,
				024CEBC11E51F9BD00570470 /* Images.xcassets in Resources */,
			);
			runOnlyForDeploymentPostprocessing = 0;
		};
		024CEBC71E51F9BD00570470 /* Resources */ = {
			isa = PBXResourcesBuildPhase;
			buildActionMask = 2147483647;
			files = (
			);
			runOnlyForDeploymentPostprocessing = 0;
		};
/* End PBXResourcesBuildPhase section */

/* Begin PBXSourcesBuildPhase section */
		024CEBB01E51F9BD00570470 /* Sources */ = {
			isa = PBXSourcesBuildPhase;
			buildActionMask = 2147483647;
			files = (
				024CEBDA1E51F9D400570470 /* TipCalculatorModel.swift in Sources */,
				024CEBBC1E51F9BD00570470 /* ViewController.swift in Sources */,
				024CEBBA1E51F9BD00570470 /* AppDelegate.swift in Sources */,
			);
			runOnlyForDeploymentPostprocessing = 0;
		};
		024CEBC51E51F9BD00570470 /* Sources */ = {
			isa = PBXSourcesBuildPhase;
			buildActionMask = 2147483647;
			files = (
				024CEBD01E51F9BD00570470 /* TipCalculatorTests.swift in Sources */,
			);
			runOnlyForDeploymentPostprocessing = 0;
		};
/* End PBXSourcesBuildPhase section */

/* Begin PBXTargetDependency section */
		024CEBCB1E51F9BD00570470 /* PBXTargetDependency */ = {
			isa = PBXTargetDependency;
			target = 024CEBB31E51F9BD00570470 /* TipCalculator */;
			targetProxy = 024CEBCA1E51F9BD00570470 /* PBXContainerItemProxy */;
		};
/* End PBXTargetDependency section */

/* Begin PBXVariantGroup section */
		024CEBBD1E51F9BD00570470 /* Main.storyboard */ = {
			isa = PBXVariantGroup;
			children = (
				024CEBBE1E51F9BD00570470 /* Base */,
			);
			name = Main.storyboard;
			sourceTree = "<group>";
		};
		024CEBC21E51F9BD00570470 /* LaunchScreen.xib */ = {
			isa = PBXVariantGroup;
			children = (
				024CEBC31E51F9BD00570470 /* Base */,
			);
			name = LaunchScreen.xib;
			sourceTree = "<group>";
		};
/* End PBXVariantGroup section */

/* Begin XCBuildConfiguration section */
		024CEBD11E51F9BD00570470 /* Debug */ = {
			isa = XCBuildConfiguration;
			buildSettings = {
				ALWAYS_SEARCH_USER_PATHS = NO;
				CLANG_CXX_LANGUAGE_STANDARD = "gnu++0x";
				CLANG_CXX_LIBRARY = "libc++";
				CLANG_ENABLE_MODULES = YES;
				CLANG_ENABLE_OBJC_ARC = YES;
				CLANG_WARN_BOOL_CONVERSION = YES;
				CLANG_WARN_CONSTANT_CONVERSION = YES;
				CLANG_WARN_DIRECT_OBJC_ISA_USAGE = YES_ERROR;
				CLANG_WARN_EMPTY_BODY = YES;
				CLANG_WARN_ENUM_CONVERSION = YES;
				CLANG_WARN_INT_CONVERSION = YES;
				CLANG_WARN_OBJC_ROOT_CLASS = YES_ERROR;
				CLANG_WARN_UNREACHABLE_CODE = YES;
				CLANG_WARN__DUPLICATE_METHOD_MATCH = YES;
				"CODE_SIGN_IDENTITY[sdk=iphoneos*]" = "iPhone Developer";
				COPY_PHASE_STRIP = NO;
				DEBUG_INFORMATION_FORMAT = "dwarf-with-dsym";
				ENABLE_STRICT_OBJC_MSGSEND = YES;
				GCC_C_LANGUAGE_STANDARD = gnu99;
				GCC_DYNAMIC_NO_PIC = NO;
				GCC_NO_COMMON_BLOCKS = YES;
				GCC_OPTIMIZATION_LEVEL = 0;
				GCC_PREPROCESSOR_DEFINITIONS = (
					"DEBUG=1",
					"$(inherited)",
				);
				GCC_SYMBOLS_PRIVATE_EXTERN = NO;
				GCC_WARN_64_TO_32_BIT_CONVERSION = YES;
				GCC_WARN_ABOUT_RETURN_TYPE = YES_ERROR;
				GCC_WARN_UNDECLARED_SELECTOR = YES;
				GCC_WARN_UNINITIALIZED_AUTOS = YES_AGGRESSIVE;
				GCC_WARN_UNUSED_FUNCTION = YES;
				GCC_WARN_UNUSED_VARIABLE = YES;
				IPHONEOS_DEPLOYMENT_TARGET = 8.4;
				MTL_ENABLE_DEBUG_INFO = YES;
				ONLY_ACTIVE_ARCH = YES;
				SDKROOT = iphoneos;
				SWIFT_OPTIMIZATION_LEVEL = "-Onone";
			};
			name = Debug;
		};
		024CEBD21E51F9BD00570470 /* Release */ = {
			isa = XCBuildConfiguration;
			buildSettings = {
				ALWAYS_SEARCH_USER_PATHS = NO;
				CLANG_CXX_LANGUAGE_STANDARD = "gnu++0x";
				CLANG_CXX_LIBRARY = "libc++";
				CLANG_ENABLE_MODULES = YES;
				CLANG_ENABLE_OBJC_ARC = YES;
				CLANG_WARN_BOOL_CONVERSION = YES;
				CLANG_WARN_CONSTANT_CONVERSION = YES;
				CLANG_WARN_DIRECT_OBJC_ISA_USAGE = YES_ERROR;
				CLANG_WARN_EMPTY_BODY = YES;
				CLANG_WARN_ENUM_CONVERSION = YES;
				CLANG_WARN_INT_CONVERSION = YES;
				CLANG_WARN_OBJC_ROOT_CLASS = YES_ERROR;
				CLANG_WARN_UNREACHABLE_CODE = YES;
				CLANG_WARN__DUPLICATE_METHOD_MATCH = YES;
				"CODE_SIGN_IDENTITY[sdk=iphoneos*]" = "iPhone Developer";
				COPY_PHASE_STRIP = NO;
				DEBUG_INFORMATION_FORMAT = "dwarf-with-dsym";
				ENABLE_NS_ASSERTIONS = NO;
				ENABLE_STRICT_OBJC_MSGSEND = YES;
				GCC_C_LANGUAGE_STANDARD = gnu99;
				GCC_NO_COMMON_BLOCKS = YES;
				GCC_WARN_64_TO_32_BIT_CONVERSION = YES;
				GCC_WARN_ABOUT_RETURN_TYPE = YES_ERROR;
				GCC_WARN_UNDECLARED_SELECTOR = YES;
				GCC_WARN_UNINITIALIZED_AUTOS = YES_AGGRESSIVE;
				GCC_WARN_UNUSED_FUNCTION = YES;
				GCC_WARN_UNUSED_VARIABLE = YES;
				IPHONEOS_DEPLOYMENT_TARGET = 8.4;
				MTL_ENABLE_DEBUG_INFO = NO;
				SDKROOT = iphoneos;
				VALIDATE_PRODUCT = YES;
			};
			name = Release;
		};
		024CEBD41E51F9BD00570470 /* Debug */ = {
			isa = XCBuildConfiguration;
			buildSettings = {
				ASSETCATALOG_COMPILER_APPICON_NAME = AppIcon;
				INFOPLIST_FILE = TipCalculator/Info.plist;
				LD_RUNPATH_SEARCH_PATHS = "$(inherited) @executable_path/Frameworks";
				PRODUCT_NAME = "$(TARGET_NAME)";
			};
			name = Debug;
		};
		024CEBD51E51F9BD00570470 /* Release */ = {
			isa = XCBuildConfiguration;
			buildSettings = {
				ASSETCATALOG_COMPILER_APPICON_NAME = AppIcon;
				INFOPLIST_FILE = TipCalculator/Info.plist;
				LD_RUNPATH_SEARCH_PATHS = "$(inherited) @executable_path/Frameworks";
				PRODUCT_NAME = "$(TARGET_NAME)";
			};
			name = Release;
		};
		024CEBD71E51F9BD00570470 /* Debug */ = {
			isa = XCBuildConfiguration;
			buildSettings = {
				BUNDLE_LOADER = "$(TEST_HOST)";
				FRAMEWORK_SEARCH_PATHS = (
					"$(SDKROOT)/Developer/Library/Frameworks",
					"$(inherited)",
				);
				GCC_PREPROCESSOR_DEFINITIONS = (
					"DEBUG=1",
					"$(inherited)",
				);
				INFOPLIST_FILE = TipCalculatorTests/Info.plist;
				LD_RUNPATH_SEARCH_PATHS = "$(inherited) @executable_path/Frameworks @loader_path/Frameworks";
				PRODUCT_NAME = "$(TARGET_NAME)";
				TEST_HOST = "$(BUILT_PRODUCTS_DIR)/TipCalculator.app/TipCalculator";
			};
			name = Debug;
		};
		024CEBD81E51F9BD00570470 /* Release */ = {
			isa = XCBuildConfiguration;
			buildSettings = {
				BUNDLE_LOADER = "$(TEST_HOST)";
				FRAMEWORK_SEARCH_PATHS = (
					"$(SDKROOT)/Developer/Library/Frameworks",
					"$(inherited)",
				);
				INFOPLIST_FILE = TipCalculatorTests/Info.plist;
				LD_RUNPATH_SEARCH_PATHS = "$(inherited) @executable_path/Frameworks @loader_path/Frameworks";
				PRODUCT_NAME = "$(TARGET_NAME)";
				TEST_HOST = "$(BUILT_PRODUCTS_DIR)/TipCalculator.app/TipCalculator";
			};
			name = Release;
		};
/* End XCBuildConfiguration section */

/* Begin XCConfigurationList section */
		024CEBAF1E51F9BD00570470 /* Build configuration list for PBXProject "TipCalculator" */ = {
			isa = XCConfigurationList;
			buildConfigurations = (
				024CEBD11E51F9BD00570470 /* Debug */,
				024CEBD21E51F9BD00570470 /* Release */,
			);
			defaultConfigurationIsVisible = 0;
			defaultConfigurationName = Release;
		};
		024CEBD31E51F9BD00570470 /* Build configuration list for PBXNativeTarget "TipCalculator" */ = {
			isa = XCConfigurationList;
			buildConfigurations = (
				024CEBD41E51F9BD00570470 /* Debug */,
				024CEBD51E51F9BD00570470 /* Release */,
			);
			defaultConfigurationIsVisible = 0;
		};
		024CEBD61E51F9BD00570470 /* Build configuration list for PBXNativeTarget "TipCalculatorTests" */ = {
			isa = XCConfigurationList;
			buildConfigurations = (
				024CEBD71E51F9BD00570470 /* Debug */,
				024CEBD81E51F9BD00570470 /* Release */,
			);
			defaultConfigurationIsVisible = 0;
		};
/* End XCConfigurationList section */
	};
	rootObject = 024CEBAC1E51F9BD00570470 /* Project object */;
}
